<?xml version="1.0" encoding="utf-8"?>
<Project ToolsVersion="4.0" xmlns="http://schemas.microsoft.com/developer/msbuild/2003">
  <ItemGroup>
    <ClCompile Include="main.cpp" />
    <ClCompile Include="SpaceShip.cpp" />
    <ClCompile Include="LerpingRoid.cpp" />
    <ClCompile Include="Boundary.cpp" />
    <ClCompile Include="DrawValues.cpp" />
    <ClCompile Include="Turret.cpp" />
    <ClCompile Include="Missile.cpp" />
    <ClCompile Include="GameSolution.cpp" />
    <ClCompile Include="ProjectileManager.cpp" />
    <ClCompile Include="squarePlanet.cpp" />
    <ClCompile Include="Particle.cpp" />
    <ClCompile Include="ParticleEffect.cpp" />
    <ClCompile Include="VaryColor.cpp" />
    <ClCompile Include="..\Engine\Timer.cpp" />
    <ClCompile Include="Profiler.cpp">
      <Filter>Debug</Filter>
    </ClCompile>
    <ClCompile Include="Enemy.cpp" />
    <ClCompile Include="EnemyManager.cpp" />
    <ClCompile Include="CollisionManager.cpp" />
  </ItemGroup>
  <ItemGroup>
    <ClInclude Include="SpaceShip.h" />
    <ClInclude Include="LerpingRoid.h" />
    <ClInclude Include="Boundary.h" />
    <ClInclude Include="DrawValues.h" />
    <ClInclude Include="Turret.h" />
    <ClInclude Include="Missile.h" />
    <ClInclude Include="GameSolution.h" />
    <ClInclude Include="ProjectileManager.h" />
    <ClInclude Include="squarePlanet.h" />
    <ClInclude Include="Particle.h" />
    <ClInclude Include="ParticleEffect.h" />
    <ClInclude Include="VaryColor.h" />
    <ClInclude Include="..\Engine\Timer.h" />
    <ClInclude Include="Profiler.h">
      <Filter>Debug</Filter>
    </ClInclude>
    <ClInclude Include="Enemy.h" />
    <ClInclude Include="EnemyManager.h" />
    <ClInclude Include="CollisionManager.h" />
  </ItemGroup>
  <ItemGroup>
    <Filter Include="Debug">
      <UniqueIdentifier>{73c888cc-4707-44d1-87ff-b8c4acff7c9f}</UniqueIdentifier>
    </Filter>
  </ItemGroup>
</Project>